<?xml version="1.0" encoding="utf-8"?>
<Project ToolsVersion="4.0" xmlns="http://schemas.microsoft.com/developer/msbuild/2003">
  <ItemGroup>
    <Filter Include="Source Files">
      <UniqueIdentifier>{4FC737F1-C7A5-4376-A066-2A32D752A2FF}</UniqueIdentifier>
      <Extensions>cpp;c;cc;cxx;c++;cppm;ixx;def;odl;idl;hpj;bat;asm;asmx</Extensions>
    </Filter>
    <Filter Include="Header Files">
      <UniqueIdentifier>{93995380-89BD-4b04-88EB-625FBE52EBFB}</UniqueIdentifier>
      <Extensions>h;hh;hpp;hxx;h++;hm;inl;inc;ipp;xsd</Extensions>
    </Filter>
    <Filter Include="Resource Files">
      <UniqueIdentifier>{67DA6AB6-F800-4c08-8B7A-83BB121AAD01}</UniqueIdentifier>
      <Extensions>rc;ico;cur;bmp;dlg;rc2;rct;bin;rgs;gif;jpg;jpeg;jpe;resx;tiff;tif;png;wav;mfcribbon-ms</Extensions>
    </Filter>
    <Filter Include="Source Files\DrawOctahedronStrategy">
      <UniqueIdentifier>{b5a4f4d5-b8e2-4575-b7f4-092418cfdf85}</UniqueIdentifier>
    </Filter>
  </ItemGroup>
  <ItemGroup>
    <ClCompile Include="main.cpp">
      <Filter>Source Files</Filter>
    </ClCompile>
    <ClCompile Include="Octahedron.cpp">
      <Filter>Source Files</Filter>
    </ClCompile>
    <ClCompile Include="IOctahedronDrawingStrategy.cpp">
      <Filter>Source Files\DrawOctahedronStrategy</Filter>
    </ClCompile>
    <ClCompile Include="StrategyChooser.cpp">
      <Filter>Source Files</Filter>
    </ClCompile>
    <ClCompile Include="InterpolatedOctahedronDrawingStrategy.cpp">
      <Filter>Source Files\DrawOctahedronStrategy</Filter>
    </ClCompile>
    <ClCompile Include="SolidPolygonDrawingStrategy.cpp">
      <Filter>Source Files\DrawOctahedronStrategy</Filter>
    </ClCompile>
    <ClCompile Include="WireOctahedronDrawingStrategy.cpp">
      <Filter>Source Files\DrawOctahedronStrategy</Filter>
    </ClCompile>
    <ClCompile Include="NURBSSurface.cpp">
      <Filter>Source Files</Filter>
    </ClCompile>
    <ClCompile Include="UpdateNURBSSurface.cpp">
      <Filter>Source Files</Filter>
    </ClCompile>
    <ClCompile Include="RealNURBS.cpp">
      <Filter>Source Files</Filter>
    </ClCompile>
    <ClCompile Include="TrimmedBSplineSurface.cpp">
      <Filter>Source Files</Filter>
    </ClCompile>
  </ItemGroup>
  <ItemGroup>
    <ClInclude Include="Octahedron.h">
      <Filter>Header Files</Filter>
    </ClInclude>
    <ClInclude Include="IOctahedronDrawingStrategy.h">
      <Filter>Source Files\DrawOctahedronStrategy</Filter>
    </ClInclude>
    <ClInclude Include="OCTAHEDRON_TYPE.h">
      <Filter>Source Files</Filter>
    </ClInclude>
    <ClInclude Include="StrategyChooser.h">
      <Filter>Header Files</Filter>
    </ClInclude>
    <ClInclude Include="SolidPolygonDrawingStrategy.h">
      <Filter>Source Files\DrawOctahedronStrategy</Filter>
    </ClInclude>
    <ClInclude Include="WireOctahedronDrawingStrategy.h">
      <Filter>Source Files\DrawOctahedronStrategy</Filter>
    </ClInclude>
    <ClInclude Include="InterpolatedOctahedronDrawingStrategy.h">
      <Filter>Source Files\DrawOctahedronStrategy</Filter>
    </ClInclude>
    <ClInclude Include="NURBSSurface.h">
      <Filter>Header Files</Filter>
    </ClInclude>
    <ClInclude Include="UpdateNURBSSurface.h">
      <Filter>Header Files</Filter>
    </ClInclude>
    <ClInclude Include="RealNURBS.h">
      <Filter>Header Files</Filter>
    </ClInclude>
    <ClInclude Include="TrimmedBSplineSurface.h">
      <Filter>Header Files</Filter>
    </ClInclude>
  </ItemGroup>
</Project>